# THIS IS AN AUTOGENERATED FILE. DO NOT EDIT THIS FILE DIRECTLY.
# yarn lockfile v1


"@discordjs/builders@^0.11.0":
  version "0.11.0"
  resolved "https://registry.yarnpkg.com/@discordjs/builders/-/builders-0.11.0.tgz#4102abe3e0cd093501f3f71931df43eb92f5b0cc"
  integrity sha512-ZTB8yJdJKrKlq44dpWkNUrAtEJEq0gqpb7ASdv4vmq6/mZal5kOv312hQ56I/vxwMre+VIkoHquNUAfnTbiYtg==
  dependencies:
    "@sindresorhus/is" "^4.2.0"
    discord-api-types "^0.26.0"
    ts-mixer "^6.0.0"
    tslib "^2.3.1"
    zod "^3.11.6"

"@discordjs/collection@^0.3.2":
  version "0.3.2"
  resolved "https://registry.yarnpkg.com/@discordjs/collection/-/collection-0.3.2.tgz#3c271dd8a93dad89b186d330e24dbceaab58424a"
  integrity sha512-dMjLl60b2DMqObbH1MQZKePgWhsNe49XkKBZ0W5Acl5uVV43SN414i2QfZwRI7dXAqIn8pEWD2+XXQFn9KWxqg==

"@discordjs/collection@^0.4.0":
  version "0.4.0"
  resolved "https://registry.yarnpkg.com/@discordjs/collection/-/collection-0.4.0.tgz#b6488286a1cc7b41b644d7e6086f25a1c1e6f837"
  integrity sha512-zmjq+l/rV35kE6zRrwe8BHqV78JvIh2ybJeZavBi5NySjWXqN3hmmAKg7kYMMXSeiWtSsMoZ/+MQi0DiQWy2lw==

"@sapphire/async-queue@^1.1.9":
  version "1.2.0"
  resolved "https://registry.yarnpkg.com/@sapphire/async-queue/-/async-queue-1.2.0.tgz#7a56afd318101d338433d7180ebd6af349243268"
  integrity sha512-O5ND5Ljpef86X5oy8zXorQ754TMjWALcPSAgPBu4+76HLtDTrNoDyzU2uGE2G4A8Wv51u0MXHzGQ0WZ4GMtpIw==

"@sapphire/discord-utilities@^2.8.0":
  version "2.8.0"
  resolved "https://registry.yarnpkg.com/@sapphire/discord-utilities/-/discord-utilities-2.8.0.tgz#413cbfa53924a812401cfb840f70a16aa70217aa"
  integrity sha512-ft/YqG534nLsF58ws6KqgikhSEQgtzPErGT8IlHuGL4/dsUvYJc7wp+gwwy7tftXG54ie+Sa/IabK7wBxRsdlQ==
  dependencies:
    twemoji-parser "^13.1.0"

"@sapphire/discord.js-utilities@^4.8.1":
  version "4.8.1"
  resolved "https://registry.yarnpkg.com/@sapphire/discord.js-utilities/-/discord.js-utilities-4.8.1.tgz#e33eb5b5238a47f79bcd61676bc1976be5661016"
  integrity sha512-DhN/pLjmDmWP+8qminllfaUS7kn0praAW6VZVspArqSV8OG9sXAIwWT7noOc8bjjVrdySsX5zL5KT0tAI6Mx6g==
  dependencies:
    "@sapphire/discord-utilities" "^2.8.0"
    "@sapphire/time-utilities" "^1.6.0"
    "@sapphire/utilities" "^3.3.0"
    tslib "^2.3.1"

"@sapphire/framework@^3.0.0-next.93f24bd.0":
  version "3.0.0-next.93f24bd.0"
  resolved "https://registry.yarnpkg.com/@sapphire/framework/-/framework-3.0.0-next.93f24bd.0.tgz#b23ff589544c9eadfd109dcce72f03a1cfe263df"
  integrity sha512-slv3z2XCxzVi9O0BpetctAOQPgrtEQdHRad4C8N9HPesFBMtXppdOEam6+/+JsmBa5bs4HnPO/2A+AXqdCAQKA==
  dependencies:
    "@sapphire/discord-utilities" "^2.8.0"
    "@sapphire/discord.js-utilities" "^4.8.1"
    "@sapphire/pieces" "^3.2.0"
    "@sapphire/ratelimits" "^2.3.1"
    "@sapphire/result" "^1.0.0"
    "@sapphire/stopwatch" "^1.3.0"
    "@sapphire/utilities" "^3.3.0"
    lexure "^0.17.0"
    tslib "^2.3.1"

"@sapphire/pieces@^3.2.0":
  version "3.2.0"
  resolved "https://registry.yarnpkg.com/@sapphire/pieces/-/pieces-3.2.0.tgz#6ce871222d2686b95c12e04b62961897a29bf803"
  integrity sha512-7V7R2ouluY5XBEN73cjwMuKI8O4RsSSH8VY6xzYxbMKBA+LAGo0nPTMZ/XzEgHDopIrbcYKJMVZHpjKHWhniKA==
  dependencies:
    "@discordjs/collection" "^0.3.2"
    "@sapphire/utilities" "^3.1.0"
    tslib "^2.3.1"

"@sapphire/ratelimits@^2.3.1":
  version "2.3.1"
  resolved "https://registry.yarnpkg.com/@sapphire/ratelimits/-/ratelimits-2.3.1.tgz#5ed5d1cbf722434c6ff11ba501793424a934f07f"
  integrity sha512-zA57XI0s9AYVqiAKmNwy+lHzBvtcW72hZcXUAVr98cicfhChcHDdk/LZ1s1TP9eKRlYFQC0dynTNh+BTGKyJTQ==
  dependencies:
    "@sapphire/time-utilities" "^1.6.0"

"@sapphire/result@^1.0.0":
  version "1.0.0"
  resolved "https://registry.yarnpkg.com/@sapphire/result/-/result-1.0.0.tgz#33261e29de6778893256580ae28511ff8bf9b161"
  integrity sha512-Qd/w9zifb2Un71ee69D7pMBm9kyX4V/Ed2jQnThl3tcwAlxa5pktm5s7kKa+hdtgbP9FGdPY8rxa8cyXCSBw8g==

"@sapphire/stopwatch@^1.3.0":
  version "1.3.0"
  resolved "https://registry.yarnpkg.com/@sapphire/stopwatch/-/stopwatch-1.3.0.tgz#8ee6424c11b3f96ec284aa6640136cb65d80e99b"
  integrity sha512-YOUWul86wg2EG3m5sv6RFXkMXCnFXUqaOFdnVYvUIwmMfl+YhINW5x4/6esotI6b2kT98BOhOGpbMZMWIXZ4zQ==
  dependencies:
    tslib "^2.3.1"

"@sapphire/time-utilities@^1.6.0":
  version "1.6.0"
  resolved "https://registry.yarnpkg.com/@sapphire/time-utilities/-/time-utilities-1.6.0.tgz#89624a63861814bd41fe29db80c9dbe9f3625760"
  integrity sha512-GKS3LdHS7Bec+FUx9cZY88edebK9vdt5rm0VCgc8s17O/WHl5KFcuyXRlWyIF7TLlYe1vBmMIl5YBE1EjHvJBA==
  dependencies:
    "@sapphire/utilities" "^3.3.0"

"@sapphire/utilities@^3.1.0", "@sapphire/utilities@^3.3.0":
  version "3.3.0"
  resolved "https://registry.yarnpkg.com/@sapphire/utilities/-/utilities-3.3.0.tgz#62ff0a52cd86bd6169a94b2f217d72da6772a3cd"
  integrity sha512-wWESfB03elALhci3GjcacRh8pnK89Qe5AEKCQplKyTCKabWl64SAFw52hQBth2fMmJStgK1fr87aGhRZAB8DNA==

"@sindresorhus/is@^4.2.0":
  version "4.5.0"
  resolved "https://registry.yarnpkg.com/@sindresorhus/is/-/is-4.5.0.tgz#7c8293e2268de42d7037249a9e4f905dc890539b"
  integrity sha512-ZzlL5VTnHZJl8wMWEaYk/13hwMNKLylTSPZRz8+0HIwfRTQMnFgUahDNRRV+rTmPADxQZYxna/nQcStNSCccKg==

"@types/node-fetch@^2.5.12":
  version "2.6.1"
  resolved "https://registry.yarnpkg.com/@types/node-fetch/-/node-fetch-2.6.1.tgz#8f127c50481db65886800ef496f20bbf15518975"
  integrity sha512-oMqjURCaxoSIsHSr1E47QHzbmzNR5rK8McHuNb11BOM9cHcIK3Avy0s/b2JlXHoQGTYS3NsvWzV1M0iK7l0wbA==
  dependencies:
    "@types/node" "*"
    form-data "^3.0.0"

"@types/node@*":
  version "17.0.21"
  resolved "https://registry.yarnpkg.com/@types/node/-/node-17.0.21.tgz#864b987c0c68d07b4345845c3e63b75edd143644"
  integrity sha512-DBZCJbhII3r90XbQxI8Y9IjjiiOGlZ0Hr32omXIZvwwZ7p4DMMXGrKXVyPfuoBOri9XNtL0UK69jYIBIsRX3QQ==

"@types/ws@^8.2.2":
  version "8.5.1"
  resolved "https://registry.yarnpkg.com/@types/ws/-/ws-8.5.1.tgz#79136958b48bc73d5165f286707ceb9f04471599"
  integrity sha512-UxlLOfkuQnT2YSBCNq0x86SGOUxas6gAySFeDe2DcnEnA8655UIPoCDorWZCugcvKIL8IUI4oueUfJ1hhZSE2A==
  dependencies:
    "@types/node" "*"

asynckit@^0.4.0:
  version "0.4.0"
  resolved "https://registry.yarnpkg.com/asynckit/-/asynckit-0.4.0.tgz#c79ed97f7f34cb8f2ba1bc9790bcc366474b4b79"
  integrity sha1-x57Zf380y48robyXkLzDZkdLS3k=

colors@^1.4.0:
  version "1.4.0"
  resolved "https://registry.yarnpkg.com/colors/-/colors-1.4.0.tgz#c50491479d4c1bdaed2c9ced32cf7c7dc2360f78"
  integrity sha512-a+UqTh4kgZg/SlGvfbzDHpgRu7AAQOmmqRHJnxhRZICKFUT91brVhNNt58CMWU9PsBbv3PDCZUHbVxuDiH2mtA==

combined-stream@^1.0.8:
  version "1.0.8"
  resolved "https://registry.yarnpkg.com/combined-stream/-/combined-stream-1.0.8.tgz#c3d45a8b34fd730631a110a8a2520682b31d5a7f"
  integrity sha512-FQN4MRfuJeHf7cBbBMJFXhKSDq+2kAArBlmRBvcvFE5BB1HZKXtSFASDhdlz9zOYwxh8lDdnvmMOe/+5cdoEdg==
  dependencies:
    delayed-stream "~1.0.0"

delayed-stream@~1.0.0:
  version "1.0.0"
  resolved "https://registry.yarnpkg.com/delayed-stream/-/delayed-stream-1.0.0.tgz#df3ae199acadfb7d440aaae0b29e2272b24ec619"
  integrity sha1-3zrhmayt+31ECqrgsp4icrJOxhk=

discord-api-types@^0.26.0:
  version "0.26.1"
  resolved "https://registry.yarnpkg.com/discord-api-types/-/discord-api-types-0.26.1.tgz#726f766ddc37d60da95740991d22cb6ef2ed787b"
  integrity sha512-T5PdMQ+Y1MEECYMV5wmyi9VEYPagEDEi4S0amgsszpWY0VB9JJ/hEvM6BgLhbdnKky4gfmZEXtEEtojN8ZKJQQ==

discord.js@^13.6.0:
  version "13.6.0"
  resolved "https://registry.yarnpkg.com/discord.js/-/discord.js-13.6.0.tgz#d8a8a591dbf25cbcf9c783d5ddf22c4694860475"
  integrity sha512-tXNR8zgsEPxPBvGk3AQjJ9ljIIC6/LOPjzKwpwz8Y1Q2X66Vi3ZqFgRHYwnHKC0jC0F+l4LzxlhmOJsBZDNg9g==
  dependencies:
    "@discordjs/builders" "^0.11.0"
    "@discordjs/collection" "^0.4.0"
    "@sapphire/async-queue" "^1.1.9"
    "@types/node-fetch" "^2.5.12"
    "@types/ws" "^8.2.2"
    discord-api-types "^0.26.0"
    form-data "^4.0.0"
    node-fetch "^2.6.1"
    ws "^8.4.0"

dotenv@^16.0.0:
  version "16.0.0"
  resolved "https://registry.yarnpkg.com/dotenv/-/dotenv-16.0.0.tgz#c619001253be89ebb638d027b609c75c26e47411"
  integrity sha512-qD9WU0MPM4SWLPJy/r2Be+2WgQj8plChsyrCNQzW/0WjvcJQiKQJ9mH3ZgB3fxbUUxgc/11ZJ0Fi5KiimWGz2Q==

form-data@^3.0.0:
  version "3.0.1"
  resolved "https://registry.yarnpkg.com/form-data/-/form-data-3.0.1.tgz#ebd53791b78356a99af9a300d4282c4d5eb9755f"
  integrity sha512-RHkBKtLWUVwd7SqRIvCZMEvAMoGUp0XU+seQiZejj0COz3RI3hWP4sCv3gZWWLjJTd7rGwcsF5eKZGii0r/hbg==
  dependencies:
    asynckit "^0.4.0"
    combined-stream "^1.0.8"
    mime-types "^2.1.12"

form-data@^4.0.0:
  version "4.0.0"
  resolved "https://registry.yarnpkg.com/form-data/-/form-data-4.0.0.tgz#93919daeaf361ee529584b9b31664dc12c9fa452"
  integrity sha512-ETEklSGi5t0QMZuiXoA/Q6vcnxcLQP5vdugSpuAyi6SVGi2clPPp+xgEhuMaHC+zGgn31Kd235W35f7Hykkaww==
  dependencies:
    asynckit "^0.4.0"
    combined-stream "^1.0.8"
    mime-types "^2.1.12"

lexure@^0.17.0:
  version "0.17.0"
  resolved "https://registry.yarnpkg.com/lexure/-/lexure-0.17.0.tgz#95c26ee49dc3df5f28e2826b1647eb7569aab12a"
  integrity sha512-0L8GqFgPW36sLNqxdp2VOOef5Ajpb98kc0Zk4AzE+Yf0xYTDndcT1vpFqwkTdrCCw+FV8DH4mC9NUw0RlARThA==

mime-db@1.51.0:
  version "1.51.0"
  resolved "https://registry.yarnpkg.com/mime-db/-/mime-db-1.51.0.tgz#d9ff62451859b18342d960850dc3cfb77e63fb0c"
  integrity sha512-5y8A56jg7XVQx2mbv1lu49NR4dokRnhZYTtL+KGfaa27uq4pSTXkwQkFJl4pkRMyNFz/EtYDSkiiEHx3F7UN6g==

mime-types@^2.1.12:
  version "2.1.34"
  resolved "https://registry.yarnpkg.com/mime-types/-/mime-types-2.1.34.tgz#5a712f9ec1503511a945803640fafe09d3793c24"
  integrity sha512-6cP692WwGIs9XXdOO4++N+7qjqv0rqxxVvJ3VHPh/Sc9mVZcQP+ZGhkKiTvWMQRr2tbHkJP/Yn7Y0npb3ZBs4A==
  dependencies:
    mime-db "1.51.0"

node-fetch@^2.6.1:
  version "2.6.7"
  resolved "https://registry.yarnpkg.com/node-fetch/-/node-fetch-2.6.7.tgz#24de9fba827e3b4ae44dc8b20256a379160052ad"
  integrity sha512-ZjMPFEfVx5j+y2yF35Kzx5sF7kDzxuDj6ziH4FFbOp87zKDZNx8yExJIb05OGF4Nlt9IHFIMBkRl41VdvcNdbQ==
  dependencies:
    whatwg-url "^5.0.0"

tr46@~0.0.3:
  version "0.0.3"
  resolved "https://registry.yarnpkg.com/tr46/-/tr46-0.0.3.tgz#8184fd347dac9cdc185992f3a6622e14b9d9ab6a"
  integrity sha1-gYT9NH2snNwYWZLzpmIuFLnZq2o=

ts-mixer@^6.0.0:
  version "6.0.0"
  resolved "https://registry.yarnpkg.com/ts-mixer/-/ts-mixer-6.0.0.tgz#4e631d3a36e3fa9521b973b132e8353bc7267f9f"
  integrity sha512-nXIb1fvdY5CBSrDIblLn73NW0qRDk5yJ0Sk1qPBF560OdJfQp9jhl+0tzcY09OZ9U+6GpeoI9RjwoIKFIoB9MQ==

tslib@^2.3.1:
  version "2.3.1"
  resolved "https://registry.yarnpkg.com/tslib/-/tslib-2.3.1.tgz#e8a335add5ceae51aa261d32a490158ef042ef01"
  integrity sha512-77EbyPPpMz+FRFRuAFlWMtmgUWGe9UOG2Z25NqCwiIjRhOf5iKGuzSe5P2w1laq+FkRy4p+PCuVkJSGkzTEKVw==

twemoji-parser@^13.1.0:
  version "13.1.0"
  resolved "https://registry.yarnpkg.com/twemoji-parser/-/twemoji-parser-13.1.0.tgz#65e7e449c59258791b22ac0b37077349127e3ea4"
  integrity sha512-AQOzLJpYlpWMy8n+0ATyKKZzWlZBJN+G0C+5lhX7Ftc2PeEVdUU/7ns2Pn2vVje26AIZ/OHwFoUbdv6YYD/wGg==

webidl-conversions@^3.0.0:
  version "3.0.1"
  resolved "https://registry.yarnpkg.com/webidl-conversions/-/webidl-conversions-3.0.1.tgz#24534275e2a7bc6be7bc86611cc16ae0a5654871"
  integrity sha1-JFNCdeKnvGvnvIZhHMFq4KVlSHE=

whatwg-url@^5.0.0:
  version "5.0.0"
  resolved "https://registry.yarnpkg.com/whatwg-url/-/whatwg-url-5.0.0.tgz#966454e8765462e37644d3626f6742ce8b70965d"
  integrity sha1-lmRU6HZUYuN2RNNib2dCzotwll0=
  dependencies:
    tr46 "~0.0.3"
    webidl-conversions "^3.0.0"

ws@^8.4.0:
  version "8.5.0"
  resolved "https://registry.yarnpkg.com/ws/-/ws-8.5.0.tgz#bfb4be96600757fe5382de12c670dab984a1ed4f"
  integrity sha512-BWX0SWVgLPzYwF8lTzEy1egjhS4S4OEAHfsO8o65WOVsrnSRGaSiUaa9e0ggGlkMTtBlmOpEXiie9RUcBO86qg==

zod@^3.11.6:
  version "3.12.0"
  resolved "https://registry.yarnpkg.com/zod/-/zod-3.12.0.tgz#84ba9f6bdb7835e2483982d5f52cfffcb6a00346"
  integrity sha512-w+mmntgEL4hDDL5NLFdN6Fq2DSzxfmlSoJqiYE1/CApO8EkOCxvJvRYEVf8Vr/lRs3i6gqoiyFM6KRcWqqdBzQ==
